
Microsoft Visual Studio Solution File, Format Version 12.00
# Visual Studio Version 16
VisualStudioVersion = 16.0.31624.102
MinimumVisualStudioVersion = 10.0.40219.1
Project("{FAE04EC0-301F-11D3-BF4B-00C04F79EFBC}") = "Market", "Market\Market.csproj", "{01953AB0-040F-4E23-868E-6E45B10A4E6C}"
EndProject
Global
	GlobalSection(SolutionConfigurationPlatforms) = preSolution
		Debug|Any CPU = Debug|Any CPU
		Release|Any CPU = Release|Any CPU
	EndGlobalSection
	GlobalSection(ProjectConfigurationPlatforms) = postSolution
		{01953AB0-040F-4E23-868E-6E45B10A4E6C}.Debug|Any CPU.ActiveCfg = Debug|Any CPU
		{01953AB0-040F-4E23-868E-6E45B10A4E6C}.Debug|Any CPU.Build.0 = Debug|Any CPU
		{01953AB0-040F-4E23-868E-6E45B10A4E6C}.Release|Any CPU.ActiveCfg = Release|Any CPU
		{01953AB0-040F-4E23-868E-6E45B10A4E6C}.Release|Any CPU.Build.0 = Release|Any CPU
	EndGlobalSection
	GlobalSection(SolutionProperties) = preSolution
		HideSolutionNode = FALSE
	EndGlobalSection
	GlobalSection(ExtensibilityGlobals) = postSolution
		SolutionGuid = {518DF668-A7FF-4228-B0B4-ECF3D219E89D}
	EndGlobalSection
EndGlobal
